
Microsoft Visual Studio Solution File, Format Version 12.00
# Visual Studio Version 17
VisualStudioVersion = 17.6.33801.468
MinimumVisualStudioVersion = 10.0.40219.1
Project("{FAE04EC0-301F-11D3-BF4B-00C04F79EFBC}") = "MvcMoto", "MvcMoto\MvcMoto.csproj", "{CA7106E1-780E-4450-91DF-C283BBF8EDB8}"
EndProject
Global
	GlobalSection(SolutionConfigurationPlatforms) = preSolution
		Debug|Any CPU = Debug|Any CPU
		Release|Any CPU = Release|Any CPU
	EndGlobalSection
	GlobalSection(ProjectConfigurationPlatforms) = postSolution
		{CA7106E1-780E-4450-91DF-C283BBF8EDB8}.Debug|Any CPU.ActiveCfg = Debug|Any CPU
		{CA7106E1-780E-4450-91DF-C283BBF8EDB8}.Debug|Any CPU.Build.0 = Debug|Any CPU
		{CA7106E1-780E-4450-91DF-C283BBF8EDB8}.Release|Any CPU.ActiveCfg = Release|Any CPU
		{CA7106E1-780E-4450-91DF-C283BBF8EDB8}.Release|Any CPU.Build.0 = Release|Any CPU
	EndGlobalSection
	GlobalSection(SolutionProperties) = preSolution
		HideSolutionNode = FALSE
	EndGlobalSection
	GlobalSection(ExtensibilityGlobals) = postSolution
		SolutionGuid = {DA226EDE-8E9D-4780-A6B9-ADB844228C45}
	EndGlobalSection
EndGlobal
